
Microsoft Visual Studio Solution File, Format Version 12.00
# Visual Studio 14
VisualStudioVersion = 14.0.23107.0
MinimumVisualStudioVersion = 10.0.40219.1
Project("{FAE04EC0-301F-11D3-BF4B-00C04F79EFBC}") = "BeerCellier", "BeerCellier\BeerCellier.csproj", "{A8665230-AC73-4418-9552-23576F395916}"
EndProject
Project("{FAE04EC0-301F-11D3-BF4B-00C04F79EFBC}") = "BeerCellier.Tests", "BeerCellier.Tests\BeerCellier.Tests.csproj", "{2FD1B15E-7669-4201-A5EA-597391356F87}"
EndProject
Global
	GlobalSection(SolutionConfigurationPlatforms) = preSolution
		Debug|Any CPU = Debug|Any CPU
		Release|Any CPU = Release|Any CPU
	EndGlobalSection
	GlobalSection(ProjectConfigurationPlatforms) = postSolution
		{A8665230-AC73-4418-9552-23576F395916}.Debug|Any CPU.ActiveCfg = Debug|Any CPU
		{A8665230-AC73-4418-9552-23576F395916}.Debug|Any CPU.Build.0 = Debug|Any CPU
		{A8665230-AC73-4418-9552-23576F395916}.Release|Any CPU.ActiveCfg = Release|Any CPU
		{A8665230-AC73-4418-9552-23576F395916}.Release|Any CPU.Build.0 = Release|Any CPU
		{2FD1B15E-7669-4201-A5EA-597391356F87}.Debug|Any CPU.ActiveCfg = Debug|Any CPU
		{2FD1B15E-7669-4201-A5EA-597391356F87}.Debug|Any CPU.Build.0 = Debug|Any CPU
		{2FD1B15E-7669-4201-A5EA-597391356F87}.Release|Any CPU.ActiveCfg = Release|Any CPU
		{2FD1B15E-7669-4201-A5EA-597391356F87}.Release|Any CPU.Build.0 = Release|Any CPU
	EndGlobalSection
	GlobalSection(SolutionProperties) = preSolution
		HideSolutionNode = FALSE
	EndGlobalSection
EndGlobal
